// !$*UTF8*$!
{
	archiveVersion = 1;
	classes = {
	};
	objectVersion = 46;
	objects = {

/* Begin PBXBuildFile section */
		BFDF9D891F3BF38800D390E4 /* main.m in Sources */ = {isa = PBXBuildFile; fileRef = BFDF9D881F3BF38800D390E4 /* main.m */; };
		BFDF9D8C1F3BF38800D390E4 /* AppDelegate.m in Sources */ = {isa = PBXBuildFile; fileRef = BFDF9D8B1F3BF38800D390E4 /* AppDelegate.m */; };
		BFDF9D8F1F3BF38800D390E4 /* ViewController.m in Sources */ = {isa = PBXBuildFile; fileRef = BFDF9D8E1F3BF38800D390E4 /* ViewController.m */; };
		BFDF9D921F3BF38800D390E4 /* Main.storyboard in Resources */ = {isa = PBXBuildFile; fileRef = BFDF9D901F3BF38800D390E4 /* Main.storyboard */; };
		BFDF9D941F3BF38800D390E4 /* Assets.xcassets in Resources */ = {isa = PBXBuildFile; fileRef = BFDF9D931F3BF38800D390E4 /* Assets.xcassets */; };
		BFDF9D971F3BF38800D390E4 /* LaunchScreen.storyboard in Resources */ = {isa = PBXBuildFile; fileRef = BFDF9D951F3BF38800D390E4 /* LaunchScreen.storyboard */; };
		BFDF9DA01F3BF3B100D390E4 /* LXLoginViewController.m in Sources */ = {isa = PBXBuildFile; fileRef = BFDF9D9F1F3BF3B100D390E4 /* LXLoginViewController.m */; };
		BFDF9DA31F3BF3D900D390E4 /* LXMainInfoViewController.m in Sources */ = {isa = PBXBuildFile; fileRef = BFDF9DA21F3BF3D900D390E4 /* LXMainInfoViewController.m */; };
		BFDF9DA61F3BF3EE00D390E4 /* LXUserInfoViewController.m in Sources */ = {isa = PBXBuildFile; fileRef = BFDF9DA51F3BF3EE00D390E4 /* LXUserInfoViewController.m */; };
		BFDF9DA91F3BF4A300D390E4 /* LXRegisterViewController.m in Sources */ = {isa = PBXBuildFile; fileRef = BFDF9DA81F3BF4A300D390E4 /* LXRegisterViewController.m */; };
		BFDF9DAC1F3BFCBD00D390E4 /* UIView+ModifyFrame.m in Sources */ = {isa = PBXBuildFile; fileRef = BFDF9DAB1F3BFCBD00D390E4 /* UIView+ModifyFrame.m */; };
		BFDF9DAF1F3BFE3D00D390E4 /* img_login_headshot@3x.png in Resources */ = {isa = PBXBuildFile; fileRef = BFDF9DAD1F3BFE3D00D390E4 /* img_login_headshot@3x.png */; };
		BFDF9DB01F3BFE3D00D390E4 /* img_login_headshot@2x.png in Resources */ = {isa = PBXBuildFile; fileRef = BFDF9DAE1F3BFE3D00D390E4 /* img_login_headshot@2x.png */; };
		BFDF9DB51F3BFF4300D390E4 /* btn_my_vip_nor@2x.png in Resources */ = {isa = PBXBuildFile; fileRef = BFDF9DB11F3BFF4300D390E4 /* btn_my_vip_nor@2x.png */; };
		BFDF9DB61F3BFF4300D390E4 /* btn_my_vip_nor@3x.png in Resources */ = {isa = PBXBuildFile; fileRef = BFDF9DB21F3BFF4300D390E4 /* btn_my_vip_nor@3x.png */; };
		BFDF9DB71F3BFF4300D390E4 /* btn_my_vip_pressed@2x.png in Resources */ = {isa = PBXBuildFile; fileRef = BFDF9DB31F3BFF4300D390E4 /* btn_my_vip_pressed@2x.png */; };
		BFDF9DB81F3BFF4300D390E4 /* btn_my_vip_pressed@3x.png in Resources */ = {isa = PBXBuildFile; fileRef = BFDF9DB41F3BFF4300D390E4 /* btn_my_vip_pressed@3x.png */; };
		BFDF9DBB1F3C03A100D390E4 /* LXUserBaseController.m in Sources */ = {isa = PBXBuildFile; fileRef = BFDF9DBA1F3C03A100D390E4 /* LXUserBaseController.m */; };
		BFDF9DC51F3C045000D390E4 /* UIScrollView+TPKeyboardAvoidingAdditions.m in Sources */ = {isa = PBXBuildFile; fileRef = BFDF9DBF1F3C045000D390E4 /* UIScrollView+TPKeyboardAvoidingAdditions.m */; };
		BFDF9DC61F3C045000D390E4 /* TPKeyboardAvoidingTableView.m in Sources */ = {isa = PBXBuildFile; fileRef = BFDF9DC01F3C045000D390E4 /* TPKeyboardAvoidingTableView.m */; };
		BFDF9DC71F3C045000D390E4 /* TPKeyboardAvoidingScrollView.m in Sources */ = {isa = PBXBuildFile; fileRef = BFDF9DC11F3C045000D390E4 /* TPKeyboardAvoidingScrollView.m */; };
		BFDF9DC81F3C045000D390E4 /* TPKeyboardAvoidingCollectionView.m in Sources */ = {isa = PBXBuildFile; fileRef = BFDF9DC31F3C045000D390E4 /* TPKeyboardAvoidingCollectionView.m */; };
		BFDF9DCB1F3C08F200D390E4 /* LXCornalView.m in Sources */ = {isa = PBXBuildFile; fileRef = BFDF9DCA1F3C08F200D390E4 /* LXCornalView.m */; };
		BFDF9DD61F3C59BE00D390E4 /* ic_login_password@2x.png in Resources */ = {isa = PBXBuildFile; fileRef = BFDF9DCC1F3C59BE00D390E4 /* ic_login_password@2x.png */; };
		BFDF9DD71F3C59BE00D390E4 /* ic_login_password@3x.png in Resources */ = {isa = PBXBuildFile; fileRef = BFDF9DCD1F3C59BE00D390E4 /* ic_login_password@3x.png */; };
		BFDF9DD81F3C59BE00D390E4 /* ic_login_phone@2x.png in Resources */ = {isa = PBXBuildFile; fileRef = BFDF9DCE1F3C59BE00D390E4 /* ic_login_phone@2x.png */; };
		BFDF9DD91F3C59BE00D390E4 /* ic_login_phone@3x.png in Resources */ = {isa = PBXBuildFile; fileRef = BFDF9DCF1F3C59BE00D390E4 /* ic_login_phone@3x.png */; };
		BFDF9DDA1F3C59BE00D390E4 /* ic_login_qq@2x.png in Resources */ = {isa = PBXBuildFile; fileRef = BFDF9DD01F3C59BE00D390E4 /* ic_login_qq@2x.png */; };
		BFDF9DDB1F3C59BE00D390E4 /* ic_login_qq@3x.png in Resources */ = {isa = PBXBuildFile; fileRef = BFDF9DD11F3C59BE00D390E4 /* ic_login_qq@3x.png */; };
		BFDF9DDC1F3C59BE00D390E4 /* ic_login_wb@2x.png in Resources */ = {isa = PBXBuildFile; fileRef = BFDF9DD21F3C59BE00D390E4 /* ic_login_wb@2x.png */; };
		BFDF9DDD1F3C59BE00D390E4 /* ic_login_wb@3x.png in Resources */ = {isa = PBXBuildFile; fileRef = BFDF9DD31F3C59BE00D390E4 /* ic_login_wb@3x.png */; };
		BFDF9DDE1F3C59BE00D390E4 /* ic_login_wx@2x.png in Resources */ = {isa = PBXBuildFile; fileRef = BFDF9DD41F3C59BE00D390E4 /* ic_login_wx@2x.png */; };
		BFDF9DDF1F3C59BE00D390E4 /* ic_login_wx@3x.png in Resources */ = {isa = PBXBuildFile; fileRef = BFDF9DD51F3C59BE00D390E4 /* ic_login_wx@3x.png */; };
		BFDF9DE21F3C69AE00D390E4 /* LXPWDSettingController.m in Sources */ = {isa = PBXBuildFile; fileRef = BFDF9DE11F3C69AE00D390E4 /* LXPWDSettingController.m */; };
		BFDF9DE41F3C726600D390E4 /* header_default.jpg in Resources */ = {isa = PBXBuildFile; fileRef = BFDF9DE31F3C726600D390E4 /* header_default.jpg */; };
		BFDF9DE61F3C74DE00D390E4 /* ic_missiondetail_arrow@3x.png in Resources */ = {isa = PBXBuildFile; fileRef = BFDF9DE51F3C74DE00D390E4 /* ic_missiondetail_arrow@3x.png */; };
		BFDF9DE91F3D4CD000D390E4 /* LXNickNameEditController.m in Sources */ = {isa = PBXBuildFile; fileRef = BFDF9DE81F3D4CD000D390E4 /* LXNickNameEditController.m */; };
		BFDF9DEC1F3D5C2400D390E4 /* LXDatePickerView.m in Sources */ = {isa = PBXBuildFile; fileRef = BFDF9DEB1F3D5C2400D390E4 /* LXDatePickerView.m */; };
		BFDF9DF51F3D7F8700D390E4 /* address.txt in Resources */ = {isa = PBXBuildFile; fileRef = BFDF9DEE1F3D7F8700D390E4 /* address.txt */; };
		BFDF9DF61F3D7F8700D390E4 /* City.m in Sources */ = {isa = PBXBuildFile; fileRef = BFDF9DEF1F3D7F8700D390E4 /* City.m */; };
		BFDF9DF71F3D7F8700D390E4 /* Province.m in Sources */ = {isa = PBXBuildFile; fileRef = BFDF9DF31F3D7F8700D390E4 /* Province.m */; };
		BFDF9DF81F3D7F8700D390E4 /* LXAddressPickerView.m in Sources */ = {isa = PBXBuildFile; fileRef = BFDF9DF41F3D7F8700D390E4 /* LXAddressPickerView.m */; };
		BFDF9DFE1F3D9A0B00D390E4 /* LXDataManager.m in Sources */ = {isa = PBXBuildFile; fileRef = BFDF9DFA1F3D9A0B00D390E4 /* LXDataManager.m */; };
		BFDF9DFF1F3D9A0B00D390E4 /* LXUserManager.m in Sources */ = {isa = PBXBuildFile; fileRef = BFDF9DFD1F3D9A0B00D390E4 /* LXUserManager.m */; };
		BFDF9E021F3D9AD400D390E4 /* LXLoginInfo.m in Sources */ = {isa = PBXBuildFile; fileRef = BFDF9E011F3D9AD400D390E4 /* LXLoginInfo.m */; };
		BFDF9E051F3D9B6C00D390E4 /* LXBaseObject.m in Sources */ = {isa = PBXBuildFile; fileRef = BFDF9E041F3D9B6C00D390E4 /* LXBaseObject.m */; };
		BFDF9E1D1F3D9DE400D390E4 /* LICENSE in Resources */ = {isa = PBXBuildFile; fileRef = BFDF9E071F3D9DE400D390E4 /* LICENSE */; };
		BFDF9E1E1F3D9DE400D390E4 /* README.md in Sources */ = {isa = PBXBuildFile; fileRef = BFDF9E081F3D9DE400D390E4 /* README.md */; };
		BFDF9E1F1F3D9DE400D390E4 /* AFURLResponseSerialization.m in Sources */ = {isa = PBXBuildFile; fileRef = BFDF9E111F3D9DE400D390E4 /* AFURLResponseSerialization.m */; };
		BFDF9E201F3D9DE400D390E4 /* AFHTTPSessionManager.m in Sources */ = {isa = PBXBuildFile; fileRef = BFDF9E121F3D9DE400D390E4 /* AFHTTPSessionManager.m */; };
		BFDF9E211F3D9DE400D390E4 /* AFURLConnectionOperation.m in Sources */ = {isa = PBXBuildFile; fileRef = BFDF9E131F3D9DE400D390E4 /* AFURLConnectionOperation.m */; };
		BFDF9E221F3D9DE400D390E4 /* AFURLSessionManager.m in Sources */ = {isa = PBXBuildFile; fileRef = BFDF9E151F3D9DE400D390E4 /* AFURLSessionManager.m */; };
		BFDF9E231F3D9DE400D390E4 /* AFHTTPRequestOperationManager.m in Sources */ = {isa = PBXBuildFile; fileRef = BFDF9E161F3D9DE400D390E4 /* AFHTTPRequestOperationManager.m */; };
		BFDF9E241F3D9DE400D390E4 /* AFURLRequestSerialization.m in Sources */ = {isa = PBXBuildFile; fileRef = BFDF9E171F3D9DE400D390E4 /* AFURLRequestSerialization.m */; };
		BFDF9E251F3D9DE400D390E4 /* AFHTTPRequestOperation.m in Sources */ = {isa = PBXBuildFile; fileRef = BFDF9E181F3D9DE400D390E4 /* AFHTTPRequestOperation.m */; };
		BFDF9E261F3D9DE400D390E4 /* AFNetworkReachabilityManager.m in Sources */ = {isa = PBXBuildFile; fileRef = BFDF9E1A1F3D9DE400D390E4 /* AFNetworkReachabilityManager.m */; };
		BFDF9E271F3D9DE400D390E4 /* AFSecurityPolicy.m in Sources */ = {isa = PBXBuildFile; fileRef = BFDF9E1B1F3D9DE400D390E4 /* AFSecurityPolicy.m */; };
/* End PBXBuildFile section */

/* Begin PBXFileReference section */
		BFDF9D841F3BF38800D390E4 /* LoginModel.app */ = {isa = PBXFileReference; explicitFileType = wrapper.application; includeInIndex = 0; path = LoginModel.app; sourceTree = BUILT_PRODUCTS_DIR; };
		BFDF9D881F3BF38800D390E4 /* main.m */ = {isa = PBXFileReference; lastKnownFileType = sourcecode.c.objc; path = main.m; sourceTree = "<group>"; };
		BFDF9D8A1F3BF38800D390E4 /* AppDelegate.h */ = {isa = PBXFileReference; lastKnownFileType = sourcecode.c.h; path = AppDelegate.h; sourceTree = "<group>"; };
		BFDF9D8B1F3BF38800D390E4 /* AppDelegate.m */ = {isa = PBXFileReference; lastKnownFileType = sourcecode.c.objc; path = AppDelegate.m; sourceTree = "<group>"; };
		BFDF9D8D1F3BF38800D390E4 /* ViewController.h */ = {isa = PBXFileReference; lastKnownFileType = sourcecode.c.h; path = ViewController.h; sourceTree = "<group>"; };
		BFDF9D8E1F3BF38800D390E4 /* ViewController.m */ = {isa = PBXFileReference; lastKnownFileType = sourcecode.c.objc; path = ViewController.m; sourceTree = "<group>"; };
		BFDF9D911F3BF38800D390E4 /* Base */ = {isa = PBXFileReference; lastKnownFileType = file.storyboard; name = Base; path = Base.lproj/Main.storyboard; sourceTree = "<group>"; };
		BFDF9D931F3BF38800D390E4 /* Assets.xcassets */ = {isa = PBXFileReference; lastKnownFileType = folder.assetcatalog; path = Assets.xcassets; sourceTree = "<group>"; };
		BFDF9D961F3BF38800D390E4 /* Base */ = {isa = PBXFileReference; lastKnownFileType = file.storyboard; name = Base; path = Base.lproj/LaunchScreen.storyboard; sourceTree = "<group>"; };
		BFDF9D981F3BF38800D390E4 /* Info.plist */ = {isa = PBXFileReference; lastKnownFileType = text.plist.xml; path = Info.plist; sourceTree = "<group>"; };
		BFDF9D9E1F3BF3B000D390E4 /* LXLoginViewController.h */ = {isa = PBXFileReference; fileEncoding = 4; lastKnownFileType = sourcecode.c.h; path = LXLoginViewController.h; sourceTree = "<group>"; };
		BFDF9D9F1F3BF3B100D390E4 /* LXLoginViewController.m */ = {isa = PBXFileReference; fileEncoding = 4; lastKnownFileType = sourcecode.c.objc; path = LXLoginViewController.m; sourceTree = "<group>"; };
		BFDF9DA11F3BF3D900D390E4 /* LXMainInfoViewController.h */ = {isa = PBXFileReference; fileEncoding = 4; lastKnownFileType = sourcecode.c.h; path = LXMainInfoViewController.h; sourceTree = "<group>"; };
		BFDF9DA21F3BF3D900D390E4 /* LXMainInfoViewController.m */ = {isa = PBXFileReference; fileEncoding = 4; lastKnownFileType = sourcecode.c.objc; path = LXMainInfoViewController.m; sourceTree = "<group>"; };
		BFDF9DA41F3BF3EE00D390E4 /* LXUserInfoViewController.h */ = {isa = PBXFileReference; fileEncoding = 4; lastKnownFileType = sourcecode.c.h; path = LXUserInfoViewController.h; sourceTree = "<group>"; };
		BFDF9DA51F3BF3EE00D390E4 /* LXUserInfoViewController.m */ = {isa = PBXFileReference; fileEncoding = 4; lastKnownFileType = sourcecode.c.objc; path = LXUserInfoViewController.m; sourceTree = "<group>"; };
		BFDF9DA71F3BF4A300D390E4 /* LXRegisterViewController.h */ = {isa = PBXFileReference; fileEncoding = 4; lastKnownFileType = sourcecode.c.h; path = LXRegisterViewController.h; sourceTree = "<group>"; };
		BFDF9DA81F3BF4A300D390E4 /* LXRegisterViewController.m */ = {isa = PBXFileReference; fileEncoding = 4; lastKnownFileType = sourcecode.c.objc; path = LXRegisterViewController.m; sourceTree = "<group>"; };
		BFDF9DAA1F3BFCBD00D390E4 /* UIView+ModifyFrame.h */ = {isa = PBXFileReference; fileEncoding = 4; lastKnownFileType = sourcecode.c.h; path = "UIView+ModifyFrame.h"; sourceTree = "<group>"; };
		BFDF9DAB1F3BFCBD00D390E4 /* UIView+ModifyFrame.m */ = {isa = PBXFileReference; fileEncoding = 4; lastKnownFileType = sourcecode.c.objc; path = "UIView+ModifyFrame.m"; sourceTree = "<group>"; };
		BFDF9DAD1F3BFE3D00D390E4 /* img_login_headshot@3x.png */ = {isa = PBXFileReference; lastKnownFileType = image.png; path = "img_login_headshot@3x.png"; sourceTree = "<group>"; };
		BFDF9DAE1F3BFE3D00D390E4 /* img_login_headshot@2x.png */ = {isa = PBXFileReference; lastKnownFileType = image.png; path = "img_login_headshot@2x.png"; sourceTree = "<group>"; };
		BFDF9DB11F3BFF4300D390E4 /* btn_my_vip_nor@2x.png */ = {isa = PBXFileReference; lastKnownFileType = image.png; path = "btn_my_vip_nor@2x.png"; sourceTree = "<group>"; };
		BFDF9DB21F3BFF4300D390E4 /* btn_my_vip_nor@3x.png */ = {isa = PBXFileReference; lastKnownFileType = image.png; path = "btn_my_vip_nor@3x.png"; sourceTree = "<group>"; };
		BFDF9DB31F3BFF4300D390E4 /* btn_my_vip_pressed@2x.png */ = {isa = PBXFileReference; lastKnownFileType = image.png; path = "btn_my_vip_pressed@2x.png"; sourceTree = "<group>"; };
		BFDF9DB41F3BFF4300D390E4 /* btn_my_vip_pressed@3x.png */ = {isa = PBXFileReference; lastKnownFileType = image.png; path = "btn_my_vip_pressed@3x.png"; sourceTree = "<group>"; };
		BFDF9DB91F3C03A100D390E4 /* LXUserBaseController.h */ = {isa = PBXFileReference; fileEncoding = 4; lastKnownFileType = sourcecode.c.h; path = LXUserBaseController.h; sourceTree = "<group>"; };
		BFDF9DBA1F3C03A100D390E4 /* LXUserBaseController.m */ = {isa = PBXFileReference; fileEncoding = 4; lastKnownFileType = sourcecode.c.objc; path = LXUserBaseController.m; sourceTree = "<group>"; };
		BFDF9DBD1F3C045000D390E4 /* TPKeyboardAvoidingScrollView.h */ = {isa = PBXFileReference; fileEncoding = 4; lastKnownFileType = sourcecode.c.h; path = TPKeyboardAvoidingScrollView.h; sourceTree = "<group>"; };
		BFDF9DBE1F3C045000D390E4 /* TPKeyboardAvoidingCollectionView.h */ = {isa = PBXFileReference; fileEncoding = 4; lastKnownFileType = sourcecode.c.h; path = TPKeyboardAvoidingCollectionView.h; sourceTree = "<group>"; };
		BFDF9DBF1F3C045000D390E4 /* UIScrollView+TPKeyboardAvoidingAdditions.m */ = {isa = PBXFileReference; fileEncoding = 4; lastKnownFileType = sourcecode.c.objc; path = "UIScrollView+TPKeyboardAvoidingAdditions.m"; sourceTree = "<group>"; };
		BFDF9DC01F3C045000D390E4 /* TPKeyboardAvoidingTableView.m */ = {isa = PBXFileReference; fileEncoding = 4; lastKnownFileType = sourcecode.c.objc; path = TPKeyboardAvoidingTableView.m; sourceTree = "<group>"; };
		BFDF9DC11F3C045000D390E4 /* TPKeyboardAvoidingScrollView.m */ = {isa = PBXFileReference; fileEncoding = 4; lastKnownFileType = sourcecode.c.objc; path = TPKeyboardAvoidingScrollView.m; sourceTree = "<group>"; };
		BFDF9DC21F3C045000D390E4 /* UIScrollView+TPKeyboardAvoidingAdditions.h */ = {isa = PBXFileReference; fileEncoding = 4; lastKnownFileType = sourcecode.c.h; path = "UIScrollView+TPKeyboardAvoidingAdditions.h"; sourceTree = "<group>"; };
		BFDF9DC31F3C045000D390E4 /* TPKeyboardAvoidingCollectionView.m */ = {isa = PBXFileReference; fileEncoding = 4; lastKnownFileType = sourcecode.c.objc; path = TPKeyboardAvoidingCollectionView.m; sourceTree = "<group>"; };
		BFDF9DC41F3C045000D390E4 /* TPKeyboardAvoidingTableView.h */ = {isa = PBXFileReference; fileEncoding = 4; lastKnownFileType = sourcecode.c.h; path = TPKeyboardAvoidingTableView.h; sourceTree = "<group>"; };
		BFDF9DC91F3C08F200D390E4 /* LXCornalView.h */ = {isa = PBXFileReference; fileEncoding = 4; lastKnownFileType = sourcecode.c.h; path = LXCornalView.h; sourceTree = "<group>"; };
		BFDF9DCA1F3C08F200D390E4 /* LXCornalView.m */ = {isa = PBXFileReference; fileEncoding = 4; lastKnownFileType = sourcecode.c.objc; path = LXCornalView.m; sourceTree = "<group>"; };
		BFDF9DCC1F3C59BE00D390E4 /* ic_login_password@2x.png */ = {isa = PBXFileReference; lastKnownFileType = image.png; path = "ic_login_password@2x.png"; sourceTree = "<group>"; };
		BFDF9DCD1F3C59BE00D390E4 /* ic_login_password@3x.png */ = {isa = PBXFileReference; lastKnownFileType = image.png; path = "ic_login_password@3x.png"; sourceTree = "<group>"; };
		BFDF9DCE1F3C59BE00D390E4 /* ic_login_phone@2x.png */ = {isa = PBXFileReference; lastKnownFileType = image.png; path = "ic_login_phone@2x.png"; sourceTree = "<group>"; };
		BFDF9DCF1F3C59BE00D390E4 /* ic_login_phone@3x.png */ = {isa = PBXFileReference; lastKnownFileType = image.png; path = "ic_login_phone@3x.png"; sourceTree = "<group>"; };
		BFDF9DD01F3C59BE00D390E4 /* ic_login_qq@2x.png */ = {isa = PBXFileReference; lastKnownFileType = image.png; path = "ic_login_qq@2x.png"; sourceTree = "<group>"; };
		BFDF9DD11F3C59BE00D390E4 /* ic_login_qq@3x.png */ = {isa = PBXFileReference; lastKnownFileType = image.png; path = "ic_login_qq@3x.png"; sourceTree = "<group>"; };
		BFDF9DD21F3C59BE00D390E4 /* ic_login_wb@2x.png */ = {isa = PBXFileReference; lastKnownFileType = image.png; path = "ic_login_wb@2x.png"; sourceTree = "<group>"; };
		BFDF9DD31F3C59BE00D390E4 /* ic_login_wb@3x.png */ = {isa = PBXFileReference; lastKnownFileType = image.png; path = "ic_login_wb@3x.png"; sourceTree = "<group>"; };
		BFDF9DD41F3C59BE00D390E4 /* ic_login_wx@2x.png */ = {isa = PBXFileReference; lastKnownFileType = image.png; path = "ic_login_wx@2x.png"; sourceTree = "<group>"; };
		BFDF9DD51F3C59BE00D390E4 /* ic_login_wx@3x.png */ = {isa = PBXFileReference; lastKnownFileType = image.png; path = "ic_login_wx@3x.png"; sourceTree = "<group>"; };
		BFDF9DE01F3C69AE00D390E4 /* LXPWDSettingController.h */ = {isa = PBXFileReference; fileEncoding = 4; lastKnownFileType = sourcecode.c.h; path = LXPWDSettingController.h; sourceTree = "<group>"; };
		BFDF9DE11F3C69AE00D390E4 /* LXPWDSettingController.m */ = {isa = PBXFileReference; fileEncoding = 4; lastKnownFileType = sourcecode.c.objc; path = LXPWDSettingController.m; sourceTree = "<group>"; };
		BFDF9DE31F3C726600D390E4 /* header_default.jpg */ = {isa = PBXFileReference; lastKnownFileType = image.jpeg; path = header_default.jpg; sourceTree = "<group>"; };
		BFDF9DE51F3C74DE00D390E4 /* ic_missiondetail_arrow@3x.png */ = {isa = PBXFileReference; lastKnownFileType = image.png; path = "ic_missiondetail_arrow@3x.png"; sourceTree = "<group>"; };
		BFDF9DE71F3D4CD000D390E4 /* LXNickNameEditController.h */ = {isa = PBXFileReference; fileEncoding = 4; lastKnownFileType = sourcecode.c.h; path = LXNickNameEditController.h; sourceTree = "<group>"; };
		BFDF9DE81F3D4CD000D390E4 /* LXNickNameEditController.m */ = {isa = PBXFileReference; fileEncoding = 4; lastKnownFileType = sourcecode.c.objc; path = LXNickNameEditController.m; sourceTree = "<group>"; };
		BFDF9DEA1F3D5C2400D390E4 /* LXDatePickerView.h */ = {isa = PBXFileReference; fileEncoding = 4; lastKnownFileType = sourcecode.c.h; path = LXDatePickerView.h; sourceTree = "<group>"; };
		BFDF9DEB1F3D5C2400D390E4 /* LXDatePickerView.m */ = {isa = PBXFileReference; fileEncoding = 4; lastKnownFileType = sourcecode.c.objc; path = LXDatePickerView.m; sourceTree = "<group>"; };
		BFDF9DEE1F3D7F8700D390E4 /* address.txt */ = {isa = PBXFileReference; fileEncoding = 4; lastKnownFileType = text; path = address.txt; sourceTree = "<group>"; };
		BFDF9DEF1F3D7F8700D390E4 /* City.m */ = {isa = PBXFileReference; fileEncoding = 4; lastKnownFileType = sourcecode.c.objc; path = City.m; sourceTree = "<group>"; };
		BFDF9DF01F3D7F8700D390E4 /* LXAddressPickerView.h */ = {isa = PBXFileReference; fileEncoding = 4; lastKnownFileType = sourcecode.c.h; path = LXAddressPickerView.h; sourceTree = "<group>"; };
		BFDF9DF11F3D7F8700D390E4 /* Province.h */ = {isa = PBXFileReference; fileEncoding = 4; lastKnownFileType = sourcecode.c.h; path = Province.h; sourceTree = "<group>"; };
		BFDF9DF21F3D7F8700D390E4 /* City.h */ = {isa = PBXFileReference; fileEncoding = 4; lastKnownFileType = sourcecode.c.h; path = City.h; sourceTree = "<group>"; };
		BFDF9DF31F3D7F8700D390E4 /* Province.m */ = {isa = PBXFileReference; fileEncoding = 4; lastKnownFileType = sourcecode.c.objc; path = Province.m; sourceTree = "<group>"; };
		BFDF9DF41F3D7F8700D390E4 /* LXAddressPickerView.m */ = {isa = PBXFileReference; fileEncoding = 4; lastKnownFileType = sourcecode.c.objc; path = LXAddressPickerView.m; sourceTree = "<group>"; };
		BFDF9DFA1F3D9A0B00D390E4 /* LXDataManager.m */ = {isa = PBXFileReference; fileEncoding = 4; lastKnownFileType = sourcecode.c.objc; path = LXDataManager.m; sourceTree = "<group>"; };
		BFDF9DFB1F3D9A0B00D390E4 /* LXUserManager.h */ = {isa = PBXFileReference; fileEncoding = 4; lastKnownFileType = sourcecode.c.h; path = LXUserManager.h; sourceTree = "<group>"; };
		BFDF9DFC1F3D9A0B00D390E4 /* LXDataManager.h */ = {isa = PBXFileReference; fileEncoding = 4; lastKnownFileType = sourcecode.c.h; path = LXDataManager.h; sourceTree = "<group>"; };
		BFDF9DFD1F3D9A0B00D390E4 /* LXUserManager.m */ = {isa = PBXFileReference; fileEncoding = 4; lastKnownFileType = sourcecode.c.objc; path = LXUserManager.m; sourceTree = "<group>"; };
		BFDF9E001F3D9AD400D390E4 /* LXLoginInfo.h */ = {isa = PBXFileReference; fileEncoding = 4; lastKnownFileType = sourcecode.c.h; path = LXLoginInfo.h; sourceTree = "<group>"; };
		BFDF9E011F3D9AD400D390E4 /* LXLoginInfo.m */ = {isa = PBXFileReference; fileEncoding = 4; lastKnownFileType = sourcecode.c.objc; path = LXLoginInfo.m; sourceTree = "<group>"; };
		BFDF9E031F3D9B6C00D390E4 /* LXBaseObject.h */ = {isa = PBXFileReference; fileEncoding = 4; lastKnownFileType = sourcecode.c.h; path = LXBaseObject.h; sourceTree = "<group>"; };
		BFDF9E041F3D9B6C00D390E4 /* LXBaseObject.m */ = {isa = PBXFileReference; fileEncoding = 4; lastKnownFileType = sourcecode.c.objc; path = LXBaseObject.m; sourceTree = "<group>"; };
		BFDF9E071F3D9DE400D390E4 /* LICENSE */ = {isa = PBXFileReference; fileEncoding = 4; lastKnownFileType = text; path = LICENSE; sourceTree = "<group>"; };
		BFDF9E081F3D9DE400D390E4 /* README.md */ = {isa = PBXFileReference; fileEncoding = 4; lastKnownFileType = net.daringfireball.markdown; path = README.md; sourceTree = "<group>"; };
		BFDF9E0A1F3D9DE400D390E4 /* AFSecurityPolicy.h */ = {isa = PBXFileReference; fileEncoding = 4; lastKnownFileType = sourcecode.c.h; path = AFSecurityPolicy.h; sourceTree = "<group>"; };
		BFDF9E0B1F3D9DE400D390E4 /* AFNetworkReachabilityManager.h */ = {isa = PBXFileReference; fileEncoding = 4; lastKnownFileType = sourcecode.c.h; path = AFNetworkReachabilityManager.h; sourceTree = "<group>"; };
		BFDF9E0C1F3D9DE400D390E4 /* AFHTTPRequestOperation.h */ = {isa = PBXFileReference; fileEncoding = 4; lastKnownFileType = sourcecode.c.h; path = AFHTTPRequestOperation.h; sourceTree = "<group>"; };
		BFDF9E0D1F3D9DE400D390E4 /* AFHTTPRequestOperationManager.h */ = {isa = PBXFileReference; fileEncoding = 4; lastKnownFileType = sourcecode.c.h; path = AFHTTPRequestOperationManager.h; sourceTree = "<group>"; };
		BFDF9E0E1F3D9DE400D390E4 /* AFURLSessionManager.h */ = {isa = PBXFileReference; fileEncoding = 4; lastKnownFileType = sourcecode.c.h; path = AFURLSessionManager.h; sourceTree = "<group>"; };
		BFDF9E0F1F3D9DE400D390E4 /* AFURLRequestSerialization.h */ = {isa = PBXFileReference; fileEncoding = 4; lastKnownFileType = sourcecode.c.h; path = AFURLRequestSerialization.h; sourceTree = "<group>"; };
		BFDF9E101F3D9DE400D390E4 /* AFURLConnectionOperation.h */ = {isa = PBXFileReference; fileEncoding = 4; lastKnownFileType = sourcecode.c.h; path = AFURLConnectionOperation.h; sourceTree = "<group>"; };
		BFDF9E111F3D9DE400D390E4 /* AFURLResponseSerialization.m */ = {isa = PBXFileReference; fileEncoding = 4; lastKnownFileType = sourcecode.c.objc; path = AFURLResponseSerialization.m; sourceTree = "<group>"; };
		BFDF9E121F3D9DE400D390E4 /* AFHTTPSessionManager.m */ = {isa = PBXFileReference; fileEncoding = 4; lastKnownFileType = sourcecode.c.objc; path = AFHTTPSessionManager.m; sourceTree = "<group>"; };
		BFDF9E131F3D9DE400D390E4 /* AFURLConnectionOperation.m */ = {isa = PBXFileReference; fileEncoding = 4; lastKnownFileType = sourcecode.c.objc; path = AFURLConnectionOperation.m; sourceTree = "<group>"; };
		BFDF9E141F3D9DE400D390E4 /* AFURLResponseSerialization.h */ = {isa = PBXFileReference; fileEncoding = 4; lastKnownFileType = sourcecode.c.h; path = AFURLResponseSerialization.h; sourceTree = "<group>"; };
		BFDF9E151F3D9DE400D390E4 /* AFURLSessionManager.m */ = {isa = PBXFileReference; fileEncoding = 4; lastKnownFileType = sourcecode.c.objc; path = AFURLSessionManager.m; sourceTree = "<group>"; };
		BFDF9E161F3D9DE400D390E4 /* AFHTTPRequestOperationManager.m */ = {isa = PBXFileReference; fileEncoding = 4; lastKnownFileType = sourcecode.c.objc; path = AFHTTPRequestOperationManager.m; sourceTree = "<group>"; };
		BFDF9E171F3D9DE400D390E4 /* AFURLRequestSerialization.m */ = {isa = PBXFileReference; fileEncoding = 4; lastKnownFileType = sourcecode.c.objc; path = AFURLRequestSerialization.m; sourceTree = "<group>"; };
		BFDF9E181F3D9DE400D390E4 /* AFHTTPRequestOperation.m */ = {isa = PBXFileReference; fileEncoding = 4; lastKnownFileType = sourcecode.c.objc; path = AFHTTPRequestOperation.m; sourceTree = "<group>"; };
		BFDF9E191F3D9DE400D390E4 /* AFNetworking.h */ = {isa = PBXFileReference; fileEncoding = 4; lastKnownFileType = sourcecode.c.h; path = AFNetworking.h; sourceTree = "<group>"; };
		BFDF9E1A1F3D9DE400D390E4 /* AFNetworkReachabilityManager.m */ = {isa = PBXFileReference; fileEncoding = 4; lastKnownFileType = sourcecode.c.objc; path = AFNetworkReachabilityManager.m; sourceTree = "<group>"; };
		BFDF9E1B1F3D9DE400D390E4 /* AFSecurityPolicy.m */ = {isa = PBXFileReference; fileEncoding = 4; lastKnownFileType = sourcecode.c.objc; path = AFSecurityPolicy.m; sourceTree = "<group>"; };
		BFDF9E1C1F3D9DE400D390E4 /* AFHTTPSessionManager.h */ = {isa = PBXFileReference; fileEncoding = 4; lastKnownFileType = sourcecode.c.h; path = AFHTTPSessionManager.h; sourceTree = "<group>"; };
/* End PBXFileReference section */

/* Begin PBXFrameworksBuildPhase section */
		BFDF9D811F3BF38800D390E4 /* Frameworks */ = {
			isa = PBXFrameworksBuildPhase;
			buildActionMask = 2147483647;
			files = (
			);
			runOnlyForDeploymentPostprocessing = 0;
		};
/* End PBXFrameworksBuildPhase section */

/* Begin PBXGroup section */
		BFDF9D7B1F3BF38800D390E4 = {
			isa = PBXGroup;
			children = (
				BFDF9D861F3BF38800D390E4 /* LoginModel */,
				BFDF9D851F3BF38800D390E4 /* Products */,
			);
			sourceTree = "<group>";
		};
		BFDF9D851F3BF38800D390E4 /* Products */ = {
			isa = PBXGroup;
			children = (
				BFDF9D841F3BF38800D390E4 /* LoginModel.app */,
			);
			name = Products;
			sourceTree = "<group>";
		};
		BFDF9D861F3BF38800D390E4 /* LoginModel */ = {
			isa = PBXGroup;
			children = (
				BFDF9DBC1F3C045000D390E4 /* TPKeyboardAvoiding */,
				BFDF9DAA1F3BFCBD00D390E4 /* UIView+ModifyFrame.h */,
				BFDF9DAB1F3BFCBD00D390E4 /* UIView+ModifyFrame.m */,
				BFDF9D8A1F3BF38800D390E4 /* AppDelegate.h */,
				BFDF9D8B1F3BF38800D390E4 /* AppDelegate.m */,
				BFDF9D8D1F3BF38800D390E4 /* ViewController.h */,
				BFDF9D8E1F3BF38800D390E4 /* ViewController.m */,
				BFDF9DE51F3C74DE00D390E4 /* ic_missiondetail_arrow@3x.png */,
				BFDF9DE31F3C726600D390E4 /* header_default.jpg */,
				BFDF9DAD1F3BFE3D00D390E4 /* img_login_headshot@3x.png */,
				BFDF9DAE1F3BFE3D00D390E4 /* img_login_headshot@2x.png */,
				BFDF9DB11F3BFF4300D390E4 /* btn_my_vip_nor@2x.png */,
				BFDF9DB21F3BFF4300D390E4 /* btn_my_vip_nor@3x.png */,
				BFDF9DB31F3BFF4300D390E4 /* btn_my_vip_pressed@2x.png */,
				BFDF9DB41F3BFF4300D390E4 /* btn_my_vip_pressed@3x.png */,
				BFDF9DCC1F3C59BE00D390E4 /* ic_login_password@2x.png */,
				BFDF9DCD1F3C59BE00D390E4 /* ic_login_password@3x.png */,
				BFDF9DCE1F3C59BE00D390E4 /* ic_login_phone@2x.png */,
				BFDF9DCF1F3C59BE00D390E4 /* ic_login_phone@3x.png */,
				BFDF9DD01F3C59BE00D390E4 /* ic_login_qq@2x.png */,
				BFDF9DD11F3C59BE00D390E4 /* ic_login_qq@3x.png */,
				BFDF9DD21F3C59BE00D390E4 /* ic_login_wb@2x.png */,
				BFDF9DD31F3C59BE00D390E4 /* ic_login_wb@3x.png */,
				BFDF9DD41F3C59BE00D390E4 /* ic_login_wx@2x.png */,
				BFDF9DD51F3C59BE00D390E4 /* ic_login_wx@3x.png */,
				BFDF9D9E1F3BF3B000D390E4 /* LXLoginViewController.h */,
				BFDF9D9F1F3BF3B100D390E4 /* LXLoginViewController.m */,
				BFDF9DC91F3C08F200D390E4 /* LXCornalView.h */,
				BFDF9DCA1F3C08F200D390E4 /* LXCornalView.m */,
				BFDF9E061F3D9DE400D390E4 /* AFNetworking */,
				BFDF9DF91F3D9A0B00D390E4 /* UserManager */,
				BFDF9DED1F3D7F8700D390E4 /* AddressPickerView */,
				BFDF9DEA1F3D5C2400D390E4 /* LXDatePickerView.h */,
				BFDF9DEB1F3D5C2400D390E4 /* LXDatePickerView.m */,
				BFDF9DB91F3C03A100D390E4 /* LXUserBaseController.h */,
				BFDF9DBA1F3C03A100D390E4 /* LXUserBaseController.m */,
				BFDF9DA11F3BF3D900D390E4 /* LXMainInfoViewController.h */,
				BFDF9DA21F3BF3D900D390E4 /* LXMainInfoViewController.m */,
				BFDF9DA41F3BF3EE00D390E4 /* LXUserInfoViewController.h */,
				BFDF9DA51F3BF3EE00D390E4 /* LXUserInfoViewController.m */,
				BFDF9DA71F3BF4A300D390E4 /* LXRegisterViewController.h */,
				BFDF9DA81F3BF4A300D390E4 /* LXRegisterViewController.m */,
				BFDF9DE71F3D4CD000D390E4 /* LXNickNameEditController.h */,
				BFDF9DE81F3D4CD000D390E4 /* LXNickNameEditController.m */,
				BFDF9DE01F3C69AE00D390E4 /* LXPWDSettingController.h */,
				BFDF9DE11F3C69AE00D390E4 /* LXPWDSettingController.m */,
				BFDF9D901F3BF38800D390E4 /* Main.storyboard */,
				BFDF9D931F3BF38800D390E4 /* Assets.xcassets */,
				BFDF9D951F3BF38800D390E4 /* LaunchScreen.storyboard */,
				BFDF9D981F3BF38800D390E4 /* Info.plist */,
				BFDF9D871F3BF38800D390E4 /* Supporting Files */,
			);
			path = LoginModel;
			sourceTree = "<group>";
		};
		BFDF9D871F3BF38800D390E4 /* Supporting Files */ = {
			isa = PBXGroup;
			children = (
				BFDF9D881F3BF38800D390E4 /* main.m */,
			);
			name = "Supporting Files";
			sourceTree = "<group>";
		};
		BFDF9DBC1F3C045000D390E4 /* TPKeyboardAvoiding */ = {
			isa = PBXGroup;
			children = (
				BFDF9DBE1F3C045000D390E4 /* TPKeyboardAvoidingCollectionView.h */,
				BFDF9DC31F3C045000D390E4 /* TPKeyboardAvoidingCollectionView.m */,
				BFDF9DBD1F3C045000D390E4 /* TPKeyboardAvoidingScrollView.h */,
				BFDF9DC11F3C045000D390E4 /* TPKeyboardAvoidingScrollView.m */,
				BFDF9DC41F3C045000D390E4 /* TPKeyboardAvoidingTableView.h */,
				BFDF9DC01F3C045000D390E4 /* TPKeyboardAvoidingTableView.m */,
				BFDF9DC21F3C045000D390E4 /* UIScrollView+TPKeyboardAvoidingAdditions.h */,
				BFDF9DBF1F3C045000D390E4 /* UIScrollView+TPKeyboardAvoidingAdditions.m */,
			);
			path = TPKeyboardAvoiding;
			sourceTree = "<group>";
		};
		BFDF9DED1F3D7F8700D390E4 /* AddressPickerView */ = {
			isa = PBXGroup;
			children = (
				BFDF9DEE1F3D7F8700D390E4 /* address.txt */,
				BFDF9DF01F3D7F8700D390E4 /* LXAddressPickerView.h */,
				BFDF9DF41F3D7F8700D390E4 /* LXAddressPickerView.m */,
				BFDF9DF21F3D7F8700D390E4 /* City.h */,
				BFDF9DEF1F3D7F8700D390E4 /* City.m */,
				BFDF9DF11F3D7F8700D390E4 /* Province.h */,
				BFDF9DF31F3D7F8700D390E4 /* Province.m */,
			);
			path = AddressPickerView;
			sourceTree = "<group>";
		};
		BFDF9DF91F3D9A0B00D390E4 /* UserManager */ = {
			isa = PBXGroup;
			children = (
				BFDF9E031F3D9B6C00D390E4 /* LXBaseObject.h */,
				BFDF9E041F3D9B6C00D390E4 /* LXBaseObject.m */,
				BFDF9E001F3D9AD400D390E4 /* LXLoginInfo.h */,
				BFDF9E011F3D9AD400D390E4 /* LXLoginInfo.m */,
				BFDF9DFC1F3D9A0B00D390E4 /* LXDataManager.h */,
				BFDF9DFA1F3D9A0B00D390E4 /* LXDataManager.m */,
				BFDF9DFB1F3D9A0B00D390E4 /* LXUserManager.h */,
				BFDF9DFD1F3D9A0B00D390E4 /* LXUserManager.m */,
			);
			path = UserManager;
			sourceTree = "<group>";
		};
		BFDF9E061F3D9DE400D390E4 /* AFNetworking */ = {
			isa = PBXGroup;
			children = (
				BFDF9E071F3D9DE400D390E4 /* LICENSE */,
				BFDF9E081F3D9DE400D390E4 /* README.md */,
				BFDF9E091F3D9DE400D390E4 /* AFNetworking */,
			);
			path = AFNetworking;
			sourceTree = "<group>";
		};
		BFDF9E091F3D9DE400D390E4 /* AFNetworking */ = {
			isa = PBXGroup;
			children = (
				BFDF9E0A1F3D9DE400D390E4 /* AFSecurityPolicy.h */,
				BFDF9E0B1F3D9DE400D390E4 /* AFNetworkReachabilityManager.h */,
				BFDF9E0C1F3D9DE400D390E4 /* AFHTTPRequestOperation.h */,
				BFDF9E0D1F3D9DE400D390E4 /* AFHTTPRequestOperationManager.h */,
				BFDF9E0E1F3D9DE400D390E4 /* AFURLSessionManager.h */,
				BFDF9E0F1F3D9DE400D390E4 /* AFURLRequestSerialization.h */,
				BFDF9E101F3D9DE400D390E4 /* AFURLConnectionOperation.h */,
				BFDF9E111F3D9DE400D390E4 /* AFURLResponseSerialization.m */,
				BFDF9E121F3D9DE400D390E4 /* AFHTTPSessionManager.m */,
				BFDF9E131F3D9DE400D390E4 /* AFURLConnectionOperation.m */,
				BFDF9E141F3D9DE400D390E4 /* AFURLResponseSerialization.h */,
				BFDF9E151F3D9DE400D390E4 /* AFURLSessionManager.m */,
				BFDF9E161F3D9DE400D390E4 /* AFHTTPRequestOperationManager.m */,
				BFDF9E171F3D9DE400D390E4 /* AFURLRequestSerialization.m */,
				BFDF9E181F3D9DE400D390E4 /* AFHTTPRequestOperation.m */,
				BFDF9E191F3D9DE400D390E4 /* AFNetworking.h */,
				BFDF9E1A1F3D9DE400D390E4 /* AFNetworkReachabilityManager.m */,
				BFDF9E1B1F3D9DE400D390E4 /* AFSecurityPolicy.m */,
				BFDF9E1C1F3D9DE400D390E4 /* AFHTTPSessionManager.h */,
			);
			path = AFNetworking;
			sourceTree = "<group>";
		};
/* End PBXGroup section */

/* Begin PBXNativeTarget section */
		BFDF9D831F3BF38800D390E4 /* LoginModel */ = {
			isa = PBXNativeTarget;
			buildConfigurationList = BFDF9D9B1F3BF38800D390E4 /* Build configuration list for PBXNativeTarget "LoginModel" */;
			buildPhases = (
				BFDF9D801F3BF38800D390E4 /* Sources */,
				BFDF9D811F3BF38800D390E4 /* Frameworks */,
				BFDF9D821F3BF38800D390E4 /* Resources */,
			);
			buildRules = (
			);
			dependencies = (
			);
			name = LoginModel;
			productName = LoginModel;
			productReference = BFDF9D841F3BF38800D390E4 /* LoginModel.app */;
			productType = "com.apple.product-type.application";
		};
/* End PBXNativeTarget section */

/* Begin PBXProject section */
		BFDF9D7C1F3BF38800D390E4 /* Project object */ = {
			isa = PBXProject;
			attributes = {
				LastUpgradeCheck = 0830;
				ORGANIZATIONNAME = Subvin.inc;
				TargetAttributes = {
					BFDF9D831F3BF38800D390E4 = {
						CreatedOnToolsVersion = 8.3.3;
						DevelopmentTeam = 32KA3W9MSY;
						ProvisioningStyle = Automatic;
					};
				};
			};
			buildConfigurationList = BFDF9D7F1F3BF38800D390E4 /* Build configuration list for PBXProject "LoginModel" */;
			compatibilityVersion = "Xcode 3.2";
			developmentRegion = English;
			hasScannedForEncodings = 0;
			knownRegions = (
				en,
				Base,
			);
			mainGroup = BFDF9D7B1F3BF38800D390E4;
			productRefGroup = BFDF9D851F3BF38800D390E4 /* Products */;
			projectDirPath = "";
			projectRoot = "";
			targets = (
				BFDF9D831F3BF38800D390E4 /* LoginModel */,
			);
		};
/* End PBXProject section */

/* Begin PBXResourcesBuildPhase section */
		BFDF9D821F3BF38800D390E4 /* Resources */ = {
			isa = PBXResourcesBuildPhase;
			buildActionMask = 2147483647;
			files = (
				BFDF9D971F3BF38800D390E4 /* LaunchScreen.storyboard in Resources */,
				BFDF9DDE1F3C59BE00D390E4 /* ic_login_wx@2x.png in Resources */,
				BFDF9DE41F3C726600D390E4 /* header_default.jpg in Resources */,
				BFDF9DD61F3C59BE00D390E4 /* ic_login_password@2x.png in Resources */,
				BFDF9DB61F3BFF4300D390E4 /* btn_my_vip_nor@3x.png in Resources */,
				BFDF9DB71F3BFF4300D390E4 /* btn_my_vip_pressed@2x.png in Resources */,
				BFDF9DDB1F3C59BE00D390E4 /* ic_login_qq@3x.png in Resources */,
				BFDF9DD91F3C59BE00D390E4 /* ic_login_phone@3x.png in Resources */,
				BFDF9D941F3BF38800D390E4 /* Assets.xcassets in Resources */,
				BFDF9D921F3BF38800D390E4 /* Main.storyboard in Resources */,
				BFDF9DDF1F3C59BE00D390E4 /* ic_login_wx@3x.png in Resources */,
				BFDF9DB81F3BFF4300D390E4 /* btn_my_vip_pressed@3x.png in Resources */,
				BFDF9DB51F3BFF4300D390E4 /* btn_my_vip_nor@2x.png in Resources */,
				BFDF9E1D1F3D9DE400D390E4 /* LICENSE in Resources */,
				BFDF9DDD1F3C59BE00D390E4 /* ic_login_wb@3x.png in Resources */,
				BFDF9DE61F3C74DE00D390E4 /* ic_missiondetail_arrow@3x.png in Resources */,
				BFDF9DD71F3C59BE00D390E4 /* ic_login_password@3x.png in Resources */,
				BFDF9DDC1F3C59BE00D390E4 /* ic_login_wb@2x.png in Resources */,
				BFDF9DDA1F3C59BE00D390E4 /* ic_login_qq@2x.png in Resources */,
				BFDF9DAF1F3BFE3D00D390E4 /* img_login_headshot@3x.png in Resources */,
				BFDF9DF51F3D7F8700D390E4 /* address.txt in Resources */,
				BFDF9DB01F3BFE3D00D390E4 /* img_login_headshot@2x.png in Resources */,
				BFDF9DD81F3C59BE00D390E4 /* ic_login_phone@2x.png in Resources */,
			);
			runOnlyForDeploymentPostprocessing = 0;
		};
/* End PBXResourcesBuildPhase section */

/* Begin PBXSourcesBuildPhase section */
		BFDF9D801F3BF38800D390E4 /* Sources */ = {
			isa = PBXSourcesBuildPhase;
			buildActionMask = 2147483647;
			files = (
				BFDF9E241F3D9DE400D390E4 /* AFURLRequestSerialization.m in Sources */,
				BFDF9E211F3D9DE400D390E4 /* AFURLConnectionOperation.m in Sources */,
				BFDF9DA31F3BF3D900D390E4 /* LXMainInfoViewController.m in Sources */,
				BFDF9E231F3D9DE400D390E4 /* AFHTTPRequestOperationManager.m in Sources */,
				BFDF9D8F1F3BF38800D390E4 /* ViewController.m in Sources */,
				BFDF9D8C1F3BF38800D390E4 /* AppDelegate.m in Sources */,
				BFDF9DA01F3BF3B100D390E4 /* LXLoginViewController.m in Sources */,
				BFDF9E221F3D9DE400D390E4 /* AFURLSessionManager.m in Sources */,
				BFDF9D891F3BF38800D390E4 /* main.m in Sources */,
				BFDF9DFE1F3D9A0B00D390E4 /* LXDataManager.m in Sources */,
				BFDF9DA61F3BF3EE00D390E4 /* LXUserInfoViewController.m in Sources */,
				BFDF9DBB1F3C03A100D390E4 /* LXUserBaseController.m in Sources */,
				BFDF9DAC1F3BFCBD00D390E4 /* UIView+ModifyFrame.m in Sources */,
				BFDF9DF61F3D7F8700D390E4 /* City.m in Sources */,
				BFDF9DEC1F3D5C2400D390E4 /* LXDatePickerView.m in Sources */,
				BFDF9DC61F3C045000D390E4 /* TPKeyboardAvoidingTableView.m in Sources */,
				BFDF9E1E1F3D9DE400D390E4 /* README.md in Sources */,
				BFDF9DFF1F3D9A0B00D390E4 /* LXUserManager.m in Sources */,
				BFDF9DE91F3D4CD000D390E4 /* LXNickNameEditController.m in Sources */,
				BFDF9DCB1F3C08F200D390E4 /* LXCornalView.m in Sources */,
				BFDF9E251F3D9DE400D390E4 /* AFHTTPRequestOperation.m in Sources */,
				BFDF9E051F3D9B6C00D390E4 /* LXBaseObject.m in Sources */,
				BFDF9DC71F3C045000D390E4 /* TPKeyboardAvoidingScrollView.m in Sources */,
				BFDF9E1F1F3D9DE400D390E4 /* AFURLResponseSerialization.m in Sources */,
				BFDF9DA91F3BF4A300D390E4 /* LXRegisterViewController.m in Sources */,
				BFDF9DF71F3D7F8700D390E4 /* Province.m in Sources */,
				BFDF9E271F3D9DE400D390E4 /* AFSecurityPolicy.m in Sources */,
				BFDF9E201F3D9DE400D390E4 /* AFHTTPSessionManager.m in Sources */,
				BFDF9DE21F3C69AE00D390E4 /* LXPWDSettingController.m in Sources */,
				BFDF9DF81F3D7F8700D390E4 /* LXAddressPickerView.m in Sources */,
				BFDF9DC81F3C045000D390E4 /* TPKeyboardAvoidingCollectionView.m in Sources */,
				BFDF9E021F3D9AD400D390E4 /* LXLoginInfo.m in Sources */,
				BFDF9E261F3D9DE400D390E4 /* AFNetworkReachabilityManager.m in Sources */,
				BFDF9DC51F3C045000D390E4 /* UIScrollView+TPKeyboardAvoidingAdditions.m in Sources */,
			);
			runOnlyForDeploymentPostprocessing = 0;
		};
/* End PBXSourcesBuildPhase section */

/* Begin PBXVariantGroup section */
		BFDF9D901F3BF38800D390E4 /* Main.storyboard */ = {
			isa = PBXVariantGroup;
			children = (
				BFDF9D911F3BF38800D390E4 /* Base */,
			);
			name = Main.storyboard;
			sourceTree = "<group>";
		};
		BFDF9D951F3BF38800D390E4 /* LaunchScreen.storyboard */ = {
			isa = PBXVariantGroup;
			children = (
				BFDF9D961F3BF38800D390E4 /* Base */,
			);
			name = LaunchScreen.storyboard;
			sourceTree = "<group>";
		};
/* End PBXVariantGroup section */

/* Begin XCBuildConfiguration section */
		BFDF9D991F3BF38800D390E4 /* Debug */ = {
			isa = XCBuildConfiguration;
			buildSettings = {
				ALWAYS_SEARCH_USER_PATHS = NO;
				CLANG_ANALYZER_NONNULL = YES;
				CLANG_ANALYZER_NUMBER_OBJECT_CONVERSION = YES_AGGRESSIVE;
				CLANG_CXX_LANGUAGE_STANDARD = "gnu++0x";
				CLANG_CXX_LIBRARY = "libc++";
				CLANG_ENABLE_MODULES = YES;
				CLANG_ENABLE_OBJC_ARC = YES;
				CLANG_WARN_BOOL_CONVERSION = YES;
				CLANG_WARN_CONSTANT_CONVERSION = YES;
				CLANG_WARN_DIRECT_OBJC_ISA_USAGE = YES_ERROR;
				CLANG_WARN_DOCUMENTATION_COMMENTS = YES;
				CLANG_WARN_EMPTY_BODY = YES;
				CLANG_WARN_ENUM_CONVERSION = YES;
				CLANG_WARN_INFINITE_RECURSION = YES;
				CLANG_WARN_INT_CONVERSION = YES;
				CLANG_WARN_OBJC_ROOT_CLASS = YES_ERROR;
				CLANG_WARN_SUSPICIOUS_MOVE = YES;
				CLANG_WARN_UNREACHABLE_CODE = YES;
				CLANG_WARN__DUPLICATE_METHOD_MATCH = YES;
				"CODE_SIGN_IDENTITY[sdk=iphoneos*]" = "iPhone Developer";
				COPY_PHASE_STRIP = NO;
				DEBUG_INFORMATION_FORMAT = dwarf;
				ENABLE_STRICT_OBJC_MSGSEND = YES;
				ENABLE_TESTABILITY = YES;
				GCC_C_LANGUAGE_STANDARD = gnu99;
				GCC_DYNAMIC_NO_PIC = NO;
				GCC_NO_COMMON_BLOCKS = YES;
				GCC_OPTIMIZATION_LEVEL = 0;
				GCC_PREPROCESSOR_DEFINITIONS = (
					"DEBUG=1",
					"$(inherited)",
				);
				GCC_WARN_64_TO_32_BIT_CONVERSION = YES;
				GCC_WARN_ABOUT_RETURN_TYPE = YES_ERROR;
				GCC_WARN_UNDECLARED_SELECTOR = YES;
				GCC_WARN_UNINITIALIZED_AUTOS = YES_AGGRESSIVE;
				GCC_WARN_UNUSED_FUNCTION = YES;
				GCC_WARN_UNUSED_VARIABLE = YES;
				IPHONEOS_DEPLOYMENT_TARGET = 10.3;
				MTL_ENABLE_DEBUG_INFO = YES;
				ONLY_ACTIVE_ARCH = YES;
				SDKROOT = iphoneos;
			};
			name = Debug;
		};
		BFDF9D9A1F3BF38800D390E4 /* Release */ = {
			isa = XCBuildConfiguration;
			buildSettings = {
				ALWAYS_SEARCH_USER_PATHS = NO;
				CLANG_ANALYZER_NONNULL = YES;
				CLANG_ANALYZER_NUMBER_OBJECT_CONVERSION = YES_AGGRESSIVE;
				CLANG_CXX_LANGUAGE_STANDARD = "gnu++0x";
				CLANG_CXX_LIBRARY = "libc++";
				CLANG_ENABLE_MODULES = YES;
				CLANG_ENABLE_OBJC_ARC = YES;
				CLANG_WARN_BOOL_CONVERSION = YES;
				CLANG_WARN_CONSTANT_CONVERSION = YES;
				CLANG_WARN_DIRECT_OBJC_ISA_USAGE = YES_ERROR;
				CLANG_WARN_DOCUMENTATION_COMMENTS = YES;
				CLANG_WARN_EMPTY_BODY = YES;
				CLANG_WARN_ENUM_CONVERSION = YES;
				CLANG_WARN_INFINITE_RECURSION = YES;
				CLANG_WARN_INT_CONVERSION = YES;
				CLANG_WARN_OBJC_ROOT_CLASS = YES_ERROR;
				CLANG_WARN_SUSPICIOUS_MOVE = YES;
				CLANG_WARN_UNREACHABLE_CODE = YES;
				CLANG_WARN__DUPLICATE_METHOD_MATCH = YES;
				"CODE_SIGN_IDENTITY[sdk=iphoneos*]" = "iPhone Developer";
				COPY_PHASE_STRIP = NO;
				DEBUG_INFORMATION_FORMAT = "dwarf-with-dsym";
				ENABLE_NS_ASSERTIONS = NO;
				ENABLE_STRICT_OBJC_MSGSEND = YES;
				GCC_C_LANGUAGE_STANDARD = gnu99;
				GCC_NO_COMMON_BLOCKS = YES;
				GCC_WARN_64_TO_32_BIT_CONVERSION = YES;
				GCC_WARN_ABOUT_RETURN_TYPE = YES_ERROR;
				GCC_WARN_UNDECLARED_SELECTOR = YES;
				GCC_WARN_UNINITIALIZED_AUTOS = YES_AGGRESSIVE;
				GCC_WARN_UNUSED_FUNCTION = YES;
				GCC_WARN_UNUSED_VARIABLE = YES;
				IPHONEOS_DEPLOYMENT_TARGET = 10.3;
				MTL_ENABLE_DEBUG_INFO = NO;
				SDKROOT = iphoneos;
				VALIDATE_PRODUCT = YES;
			};
			name = Release;
		};
		BFDF9D9C1F3BF38800D390E4 /* Debug */ = {
			isa = XCBuildConfiguration;
			buildSettings = {
				ASSETCATALOG_COMPILER_APPICON_NAME = AppIcon;
				DEVELOPMENT_TEAM = 32KA3W9MSY;
				INFOPLIST_FILE = LoginModel/Info.plist;
				LD_RUNPATH_SEARCH_PATHS = "$(inherited) @executable_path/Frameworks";
				PRODUCT_BUNDLE_IDENTIFIER = com.Subvin.com.LoginModel;
				PRODUCT_NAME = "$(TARGET_NAME)";
			};
			name = Debug;
		};
		BFDF9D9D1F3BF38800D390E4 /* Release */ = {
			isa = XCBuildConfiguration;
			buildSettings = {
				ASSETCATALOG_COMPILER_APPICON_NAME = AppIcon;
				DEVELOPMENT_TEAM = 32KA3W9MSY;
				INFOPLIST_FILE = LoginModel/Info.plist;
				LD_RUNPATH_SEARCH_PATHS = "$(inherited) @executable_path/Frameworks";
				PRODUCT_BUNDLE_IDENTIFIER = com.Subvin.com.LoginModel;
				PRODUCT_NAME = "$(TARGET_NAME)";
			};
			name = Release;
		};
/* End XCBuildConfiguration section */

/* Begin XCConfigurationList section */
		BFDF9D7F1F3BF38800D390E4 /* Build configuration list for PBXProject "LoginModel" */ = {
			isa = XCConfigurationList;
			buildConfigurations = (
				BFDF9D991F3BF38800D390E4 /* Debug */,
				BFDF9D9A1F3BF38800D390E4 /* Release */,
			);
			defaultConfigurationIsVisible = 0;
			defaultConfigurationName = Release;
		};
		BFDF9D9B1F3BF38800D390E4 /* Build configuration list for PBXNativeTarget "LoginModel" */ = {
			isa = XCConfigurationList;
			buildConfigurations = (
				BFDF9D9C1F3BF38800D390E4 /* Debug */,
				BFDF9D9D1F3BF38800D390E4 /* Release */,
			);
			defaultConfigurationIsVisible = 0;
			defaultConfigurationName = Release;
		};
/* End XCConfigurationList section */
	};
	rootObject = BFDF9D7C1F3BF38800D390E4 /* Project object */;
}
